
Microsoft Visual Studio Solution File, Format Version 12.00
# Visual Studio Version 16
VisualStudioVersion = 16.0.30804.86
MinimumVisualStudioVersion = 10.0.40219.1
Project("{9A19103F-16F7-4668-BE54-9A1E7A4F7556}") = "Sara7a", "Sara7a\Sara7a.csproj", "{1DB8D151-E914-4E52-9E6D-8220A97B61B0}"
EndProject
Project("{9A19103F-16F7-4668-BE54-9A1E7A4F7556}") = "Domain", "Domain\Domain.csproj", "{F460E13E-A157-4FB5-BFE4-6B5F7451611A}"
EndProject
Project("{9A19103F-16F7-4668-BE54-9A1E7A4F7556}") = "Presisitence", "Presisitence\Presisitence.csproj", "{411AC8E4-C2AB-4FCC-B74E-C03F38DC0380}"
EndProject
Global
	GlobalSection(SolutionConfigurationPlatforms) = preSolution
		Debug|Any CPU = Debug|Any CPU
		Release|Any CPU = Release|Any CPU
	EndGlobalSection
	GlobalSection(ProjectConfigurationPlatforms) = postSolution
		{1DB8D151-E914-4E52-9E6D-8220A97B61B0}.Debug|Any CPU.ActiveCfg = Debug|Any CPU
		{1DB8D151-E914-4E52-9E6D-8220A97B61B0}.Debug|Any CPU.Build.0 = Debug|Any CPU
		{1DB8D151-E914-4E52-9E6D-8220A97B61B0}.Release|Any CPU.ActiveCfg = Release|Any CPU
		{1DB8D151-E914-4E52-9E6D-8220A97B61B0}.Release|Any CPU.Build.0 = Release|Any CPU
		{F460E13E-A157-4FB5-BFE4-6B5F7451611A}.Debug|Any CPU.ActiveCfg = Debug|Any CPU
		{F460E13E-A157-4FB5-BFE4-6B5F7451611A}.Debug|Any CPU.Build.0 = Debug|Any CPU
		{F460E13E-A157-4FB5-BFE4-6B5F7451611A}.Release|Any CPU.ActiveCfg = Release|Any CPU
		{F460E13E-A157-4FB5-BFE4-6B5F7451611A}.Release|Any CPU.Build.0 = Release|Any CPU
		{411AC8E4-C2AB-4FCC-B74E-C03F38DC0380}.Debug|Any CPU.ActiveCfg = Debug|Any CPU
		{411AC8E4-C2AB-4FCC-B74E-C03F38DC0380}.Debug|Any CPU.Build.0 = Debug|Any CPU
		{411AC8E4-C2AB-4FCC-B74E-C03F38DC0380}.Release|Any CPU.ActiveCfg = Release|Any CPU
		{411AC8E4-C2AB-4FCC-B74E-C03F38DC0380}.Release|Any CPU.Build.0 = Release|Any CPU
	EndGlobalSection
	GlobalSection(SolutionProperties) = preSolution
		HideSolutionNode = FALSE
	EndGlobalSection
	GlobalSection(ExtensibilityGlobals) = postSolution
		SolutionGuid = {C0F2BA96-B281-466E-B459-F8F5D5A1955C}
	EndGlobalSection
EndGlobal
